// !$*UTF8*$!
{
	archiveVersion = 1;
	classes = {
	};
	objectVersion = 46;
	objects = {

/* Begin PBXBuildFile section */
		49A7862D192AF2BD00BBD07A /* Foundation.framework in Frameworks */ = {isa = PBXBuildFile; fileRef = 49A7862C192AF2BD00BBD07A /* Foundation.framework */; };
		49A7862F192AF2BD00BBD07A /* CoreGraphics.framework in Frameworks */ = {isa = PBXBuildFile; fileRef = 49A7862E192AF2BD00BBD07A /* CoreGraphics.framework */; };
		49A78631192AF2BD00BBD07A /* UIKit.framework in Frameworks */ = {isa = PBXBuildFile; fileRef = 49A78630192AF2BD00BBD07A /* UIKit.framework */; };
		49A78637192AF2BD00BBD07A /* InfoPlist.strings in Resources */ = {isa = PBXBuildFile; fileRef = 49A78635192AF2BD00BBD07A /* InfoPlist.strings */; };
		49A78639192AF2BD00BBD07A /* main.m in Sources */ = {isa = PBXBuildFile; fileRef = 49A78638192AF2BD00BBD07A /* main.m */; };
		49A7863D192AF2BD00BBD07A /* AppDelegate.m in Sources */ = {isa = PBXBuildFile; fileRef = 49A7863C192AF2BD00BBD07A /* AppDelegate.m */; };
		49A78640192AF2BD00BBD07A /* Main_iPhone.storyboard in Resources */ = {isa = PBXBuildFile; fileRef = 49A7863E192AF2BD00BBD07A /* Main_iPhone.storyboard */; };
		49A78643192AF2BD00BBD07A /* Main_iPad.storyboard in Resources */ = {isa = PBXBuildFile; fileRef = 49A78641192AF2BD00BBD07A /* Main_iPad.storyboard */; };
		49A78646192AF2BD00BBD07A /* ViewController.m in Sources */ = {isa = PBXBuildFile; fileRef = 49A78645192AF2BD00BBD07A /* ViewController.m */; };
		49A78648192AF2BD00BBD07A /* Images.xcassets in Resources */ = {isa = PBXBuildFile; fileRef = 49A78647192AF2BD00BBD07A /* Images.xcassets */; };
		49A7864F192AF2BD00BBD07A /* XCTest.framework in Frameworks */ = {isa = PBXBuildFile; fileRef = 49A7864E192AF2BD00BBD07A /* XCTest.framework */; };
		49A78650192AF2BD00BBD07A /* Foundation.framework in Frameworks */ = {isa = PBXBuildFile; fileRef = 49A7862C192AF2BD00BBD07A /* Foundation.framework */; };
		49A78651192AF2BD00BBD07A /* UIKit.framework in Frameworks */ = {isa = PBXBuildFile; fileRef = 49A78630192AF2BD00BBD07A /* UIKit.framework */; };
		49A78659192AF2BD00BBD07A /* InfoPlist.strings in Resources */ = {isa = PBXBuildFile; fileRef = 49A78657192AF2BD00BBD07A /* InfoPlist.strings */; };
		49A7865B192AF2BD00BBD07A /* MingPaoAppTests.m in Sources */ = {isa = PBXBuildFile; fileRef = 49A7865A192AF2BD00BBD07A /* MingPaoAppTests.m */; };
/* End PBXBuildFile section */

/* Begin PBXContainerItemProxy section */
		49A78652192AF2BD00BBD07A /* PBXContainerItemProxy */ = {
			isa = PBXContainerItemProxy;
			containerPortal = 49A78621192AF2BD00BBD07A /* Project object */;
			proxyType = 1;
			remoteGlobalIDString = 49A78628192AF2BD00BBD07A;
			remoteInfo = MingPaoApp;
		};
/* End PBXContainerItemProxy section */

/* Begin PBXFileReference section */
		49A78629192AF2BD00BBD07A /* MingPaoApp.app */ = {isa = PBXFileReference; explicitFileType = wrapper.application; includeInIndex = 0; path = MingPaoApp.app; sourceTree = BUILT_PRODUCTS_DIR; };
		49A7862C192AF2BD00BBD07A /* Foundation.framework */ = {isa = PBXFileReference; lastKnownFileType = wrapper.framework; name = Foundation.framework; path = System/Library/Frameworks/Foundation.framework; sourceTree = SDKROOT; };
		49A7862E192AF2BD00BBD07A /* CoreGraphics.framework */ = {isa = PBXFileReference; lastKnownFileType = wrapper.framework; name = CoreGraphics.framework; path = System/Library/Frameworks/CoreGraphics.framework; sourceTree = SDKROOT; };
		49A78630192AF2BD00BBD07A /* UIKit.framework */ = {isa = PBXFileReference; lastKnownFileType = wrapper.framework; name = UIKit.framework; path = System/Library/Frameworks/UIKit.framework; sourceTree = SDKROOT; };
		49A78634192AF2BD00BBD07A /* MingPaoApp-Info.plist */ = {isa = PBXFileReference; lastKnownFileType = text.plist.xml; path = "MingPaoApp-Info.plist"; sourceTree = "<group>"; };
		49A78636192AF2BD00BBD07A /* en */ = {isa = PBXFileReference; lastKnownFileType = text.plist.strings; name = en; path = en.lproj/InfoPlist.strings; sourceTree = "<group>"; };
		49A78638192AF2BD00BBD07A /* main.m */ = {isa = PBXFileReference; lastKnownFileType = sourcecode.c.objc; path = main.m; sourceTree = "<group>"; };
		49A7863A192AF2BD00BBD07A /* MingPaoApp-Prefix.pch */ = {isa = PBXFileReference; lastKnownFileType = sourcecode.c.h; path = "MingPaoApp-Prefix.pch"; sourceTree = "<group>"; };
		49A7863B192AF2BD00BBD07A /* AppDelegate.h */ = {isa = PBXFileReference; lastKnownFileType = sourcecode.c.h; path = AppDelegate.h; sourceTree = "<group>"; };
		49A7863C192AF2BD00BBD07A /* AppDelegate.m */ = {isa = PBXFileReference; lastKnownFileType = sourcecode.c.objc; path = AppDelegate.m; sourceTree = "<group>"; };
		49A7863F192AF2BD00BBD07A /* Base */ = {isa = PBXFileReference; lastKnownFileType = file.storyboard; name = Base; path = Base.lproj/Main_iPhone.storyboard; sourceTree = "<group>"; };
		49A78642192AF2BD00BBD07A /* Base */ = {isa = PBXFileReference; lastKnownFileType = file.storyboard; name = Base; path = Base.lproj/Main_iPad.storyboard; sourceTree = "<group>"; };
		49A78644192AF2BD00BBD07A /* ViewController.h */ = {isa = PBXFileReference; lastKnownFileType = sourcecode.c.h; path = ViewController.h; sourceTree = "<group>"; };
		49A78645192AF2BD00BBD07A /* ViewController.m */ = {isa = PBXFileReference; lastKnownFileType = sourcecode.c.objc; path = ViewController.m; sourceTree = "<group>"; };
		49A78647192AF2BD00BBD07A /* Images.xcassets */ = {isa = PBXFileReference; lastKnownFileType = folder.assetcatalog; path = Images.xcassets; sourceTree = "<group>"; };
		49A7864D192AF2BD00BBD07A /* MingPaoAppTests.xctest */ = {isa = PBXFileReference; explicitFileType = wrapper.cfbundle; includeInIndex = 0; path = MingPaoAppTests.xctest; sourceTree = BUILT_PRODUCTS_DIR; };
		49A7864E192AF2BD00BBD07A /* XCTest.framework */ = {isa = PBXFileReference; lastKnownFileType = wrapper.framework; name = XCTest.framework; path = Library/Frameworks/XCTest.framework; sourceTree = DEVELOPER_DIR; };
		49A78656192AF2BD00BBD07A /* MingPaoAppTests-Info.plist */ = {isa = PBXFileReference; lastKnownFileType = text.plist.xml; path = "MingPaoAppTests-Info.plist"; sourceTree = "<group>"; };
		49A78658192AF2BD00BBD07A /* en */ = {isa = PBXFileReference; lastKnownFileType = text.plist.strings; name = en; path = en.lproj/InfoPlist.strings; sourceTree = "<group>"; };
		49A7865A192AF2BD00BBD07A /* MingPaoAppTests.m */ = {isa = PBXFileReference; lastKnownFileType = sourcecode.c.objc; path = MingPaoAppTests.m; sourceTree = "<group>"; };
/* End PBXFileReference section */

/* Begin PBXFrameworksBuildPhase section */
		49A78626192AF2BD00BBD07A /* Frameworks */ = {
			isa = PBXFrameworksBuildPhase;
			buildActionMask = 2147483647;
			files = (
				49A7862F192AF2BD00BBD07A /* CoreGraphics.framework in Frameworks */,
				49A78631192AF2BD00BBD07A /* UIKit.framework in Frameworks */,
				49A7862D192AF2BD00BBD07A /* Foundation.framework in Frameworks */,
			);
			runOnlyForDeploymentPostprocessing = 0;
		};
		49A7864A192AF2BD00BBD07A /* Frameworks */ = {
			isa = PBXFrameworksBuildPhase;
			buildActionMask = 2147483647;
			files = (
				49A7864F192AF2BD00BBD07A /* XCTest.framework in Frameworks */,
				49A78651192AF2BD00BBD07A /* UIKit.framework in Frameworks */,
				49A78650192AF2BD00BBD07A /* Foundation.framework in Frameworks */,
			);
			runOnlyForDeploymentPostprocessing = 0;
		};
/* End PBXFrameworksBuildPhase section */

/* Begin PBXGroup section */
		49A78620192AF2BD00BBD07A = {
			isa = PBXGroup;
			children = (
				49A78632192AF2BD00BBD07A /* MingPaoApp */,
				49A78654192AF2BD00BBD07A /* MingPaoAppTests */,
				49A7862B192AF2BD00BBD07A /* Frameworks */,
				49A7862A192AF2BD00BBD07A /* Products */,
			);
			sourceTree = "<group>";
		};
		49A7862A192AF2BD00BBD07A /* Products */ = {
			isa = PBXGroup;
			children = (
				49A78629192AF2BD00BBD07A /* MingPaoApp.app */,
				49A7864D192AF2BD00BBD07A /* MingPaoAppTests.xctest */,
			);
			name = Products;
			sourceTree = "<group>";
		};
		49A7862B192AF2BD00BBD07A /* Frameworks */ = {
			isa = PBXGroup;
			children = (
				49A7862C192AF2BD00BBD07A /* Foundation.framework */,
				49A7862E192AF2BD00BBD07A /* CoreGraphics.framework */,
				49A78630192AF2BD00BBD07A /* UIKit.framework */,
				49A7864E192AF2BD00BBD07A /* XCTest.framework */,
			);
			name = Frameworks;
			sourceTree = "<group>";
		};
		49A78632192AF2BD00BBD07A /* MingPaoApp */ = {
			isa = PBXGroup;
			children = (
				49A7863B192AF2BD00BBD07A /* AppDelegate.h */,
				49A7863C192AF2BD00BBD07A /* AppDelegate.m */,
				49A7863E192AF2BD00BBD07A /* Main_iPhone.storyboard */,
				49A78641192AF2BD00BBD07A /* Main_iPad.storyboard */,
				49A78644192AF2BD00BBD07A /* ViewController.h */,
				49A78645192AF2BD00BBD07A /* ViewController.m */,
				49A78647192AF2BD00BBD07A /* Images.xcassets */,
				49A78633192AF2BD00BBD07A /* Supporting Files */,
			);
			path = MingPaoApp;
			sourceTree = "<group>";
		};
		49A78633192AF2BD00BBD07A /* Supporting Files */ = {
			isa = PBXGroup;
			children = (
				49A78634192AF2BD00BBD07A /* MingPaoApp-Info.plist */,
				49A78635192AF2BD00BBD07A /* InfoPlist.strings */,
				49A78638192AF2BD00BBD07A /* main.m */,
				49A7863A192AF2BD00BBD07A /* MingPaoApp-Prefix.pch */,
			);
			name = "Supporting Files";
			sourceTree = "<group>";
		};
		49A78654192AF2BD00BBD07A /* MingPaoAppTests */ = {
			isa = PBXGroup;
			children = (
				49A7865A192AF2BD00BBD07A /* MingPaoAppTests.m */,
				49A78655192AF2BD00BBD07A /* Supporting Files */,
			);
			path = MingPaoAppTests;
			sourceTree = "<group>";
		};
		49A78655192AF2BD00BBD07A /* Supporting Files */ = {
			isa = PBXGroup;
			children = (
				49A78656192AF2BD00BBD07A /* MingPaoAppTests-Info.plist */,
				49A78657192AF2BD00BBD07A /* InfoPlist.strings */,
			);
			name = "Supporting Files";
			sourceTree = "<group>";
		};
/* End PBXGroup section */

/* Begin PBXNativeTarget section */
		49A78628192AF2BD00BBD07A /* MingPaoApp */ = {
			isa = PBXNativeTarget;
			buildConfigurationList = 49A7865E192AF2BD00BBD07A /* Build configuration list for PBXNativeTarget "MingPaoApp" */;
			buildPhases = (
				49A78625192AF2BD00BBD07A /* Sources */,
				49A78626192AF2BD00BBD07A /* Frameworks */,
				49A78627192AF2BD00BBD07A /* Resources */,
			);
			buildRules = (
			);
			dependencies = (
			);
			name = MingPaoApp;
			productName = MingPaoApp;
			productReference = 49A78629192AF2BD00BBD07A /* MingPaoApp.app */;
			productType = "com.apple.product-type.application";
		};
		49A7864C192AF2BD00BBD07A /* MingPaoAppTests */ = {
			isa = PBXNativeTarget;
			buildConfigurationList = 49A78661192AF2BD00BBD07A /* Build configuration list for PBXNativeTarget "MingPaoAppTests" */;
			buildPhases = (
				49A78649192AF2BD00BBD07A /* Sources */,
				49A7864A192AF2BD00BBD07A /* Frameworks */,
				49A7864B192AF2BD00BBD07A /* Resources */,
			);
			buildRules = (
			);
			dependencies = (
				49A78653192AF2BD00BBD07A /* PBXTargetDependency */,
			);
			name = MingPaoAppTests;
			productName = MingPaoAppTests;
			productReference = 49A7864D192AF2BD00BBD07A /* MingPaoAppTests.xctest */;
			productType = "com.apple.product-type.bundle.unit-test";
		};
/* End PBXNativeTarget section */

/* Begin PBXProject section */
		49A78621192AF2BD00BBD07A /* Project object */ = {
			isa = PBXProject;
			attributes = {
				LastUpgradeCheck = 0510;
				ORGANIZATIONNAME = jian;
				TargetAttributes = {
					49A7864C192AF2BD00BBD07A = {
						TestTargetID = 49A78628192AF2BD00BBD07A;
					};
				};
			};
			buildConfigurationList = 49A78624192AF2BD00BBD07A /* Build configuration list for PBXProject "MingPaoApp" */;
			compatibilityVersion = "Xcode 3.2";
			developmentRegion = English;
			hasScannedForEncodings = 0;
			knownRegions = (
				en,
				Base,
			);
			mainGroup = 49A78620192AF2BD00BBD07A;
			productRefGroup = 49A7862A192AF2BD00BBD07A /* Products */;
			projectDirPath = "";
			projectRoot = "";
			targets = (
				49A78628192AF2BD00BBD07A /* MingPaoApp */,
				49A7864C192AF2BD00BBD07A /* MingPaoAppTests */,
			);
		};
/* End PBXProject section */

/* Begin PBXResourcesBuildPhase section */
		49A78627192AF2BD00BBD07A /* Resources */ = {
			isa = PBXResourcesBuildPhase;
			buildActionMask = 2147483647;
			files = (
				49A78643192AF2BD00BBD07A /* Main_iPad.storyboard in Resources */,
				49A78648192AF2BD00BBD07A /* Images.xcassets in Resources */,
				49A78640192AF2BD00BBD07A /* Main_iPhone.storyboard in Resources */,
				49A78637192AF2BD00BBD07A /* InfoPlist.strings in Resources */,
			);
			runOnlyForDeploymentPostprocessing = 0;
		};
		49A7864B192AF2BD00BBD07A /* Resources */ = {
			isa = PBXResourcesBuildPhase;
			buildActionMask = 2147483647;
			files = (
				49A78659192AF2BD00BBD07A /* InfoPlist.strings in Resources */,
			);
			runOnlyForDeploymentPostprocessing = 0;
		};
/* End PBXResourcesBuildPhase section */

/* Begin PBXSourcesBuildPhase section */
		49A78625192AF2BD00BBD07A /* Sources */ = {
			isa = PBXSourcesBuildPhase;
			buildActionMask = 2147483647;
			files = (
				49A78646192AF2BD00BBD07A /* ViewController.m in Sources */,
				49A7863D192AF2BD00BBD07A /* AppDelegate.m in Sources */,
				49A78639192AF2BD00BBD07A /* main.m in Sources */,
			);
			runOnlyForDeploymentPostprocessing = 0;
		};
		49A78649192AF2BD00BBD07A /* Sources */ = {
			isa = PBXSourcesBuildPhase;
			buildActionMask = 2147483647;
			files = (
				49A7865B192AF2BD00BBD07A /* MingPaoAppTests.m in Sources */,
			);
			runOnlyForDeploymentPostprocessing = 0;
		};
/* End PBXSourcesBuildPhase section */

/* Begin PBXTargetDependency section */
		49A78653192AF2BD00BBD07A /* PBXTargetDependency */ = {
			isa = PBXTargetDependency;
			target = 49A78628192AF2BD00BBD07A /* MingPaoApp */;
			targetProxy = 49A78652192AF2BD00BBD07A /* PBXContainerItemProxy */;
		};
/* End PBXTargetDependency section */

/* Begin PBXVariantGroup section */
		49A78635192AF2BD00BBD07A /* InfoPlist.strings */ = {
			isa = PBXVariantGroup;
			children = (
				49A78636192AF2BD00BBD07A /* en */,
			);
			name = InfoPlist.strings;
			sourceTree = "<group>";
		};
		49A7863E192AF2BD00BBD07A /* Main_iPhone.storyboard */ = {
			isa = PBXVariantGroup;
			children = (
				49A7863F192AF2BD00BBD07A /* Base */,
			);
			name = Main_iPhone.storyboard;
			sourceTree = "<group>";
		};
		49A78641192AF2BD00BBD07A /* Main_iPad.storyboard */ = {
			isa = PBXVariantGroup;
			children = (
				49A78642192AF2BD00BBD07A /* Base */,
			);
			name = Main_iPad.storyboard;
			sourceTree = "<group>";
		};
		49A78657192AF2BD00BBD07A /* InfoPlist.strings */ = {
			isa = PBXVariantGroup;
			children = (
				49A78658192AF2BD00BBD07A /* en */,
			);
			name = InfoPlist.strings;
			sourceTree = "<group>";
		};
/* End PBXVariantGroup section */

/* Begin XCBuildConfiguration section */
		49A7865C192AF2BD00BBD07A /* Debug */ = {
			isa = XCBuildConfiguration;
			buildSettings = {
				ALWAYS_SEARCH_USER_PATHS = NO;
				CLANG_CXX_LANGUAGE_STANDARD = "gnu++0x";
				CLANG_CXX_LIBRARY = "libc++";
				CLANG_ENABLE_MODULES = YES;
				CLANG_ENABLE_OBJC_ARC = YES;
				CLANG_WARN_BOOL_CONVERSION = YES;
				CLANG_WARN_CONSTANT_CONVERSION = YES;
				CLANG_WARN_DIRECT_OBJC_ISA_USAGE = YES_ERROR;
				CLANG_WARN_EMPTY_BODY = YES;
				CLANG_WARN_ENUM_CONVERSION = YES;
				CLANG_WARN_INT_CONVERSION = YES;
				CLANG_WARN_OBJC_ROOT_CLASS = YES_ERROR;
				CLANG_WARN__DUPLICATE_METHOD_MATCH = YES;
				"CODE_SIGN_IDENTITY[sdk=iphoneos*]" = "iPhone Developer";
				COPY_PHASE_STRIP = NO;
				GCC_C_LANGUAGE_STANDARD = gnu99;
				GCC_DYNAMIC_NO_PIC = NO;
				GCC_OPTIMIZATION_LEVEL = 0;
				GCC_PREPROCESSOR_DEFINITIONS = (
					"DEBUG=1",
					"$(inherited)",
				);
				GCC_SYMBOLS_PRIVATE_EXTERN = NO;
				GCC_WARN_64_TO_32_BIT_CONVERSION = YES;
				GCC_WARN_ABOUT_RETURN_TYPE = YES_ERROR;
				GCC_WARN_UNDECLARED_SELECTOR = YES;
				GCC_WARN_UNINITIALIZED_AUTOS = YES_AGGRESSIVE;
				GCC_WARN_UNUSED_FUNCTION = YES;
				GCC_WARN_UNUSED_VARIABLE = YES;
				IPHONEOS_DEPLOYMENT_TARGET = 7.1;
				ONLY_ACTIVE_ARCH = YES;
				SDKROOT = iphoneos;
				TARGETED_DEVICE_FAMILY = "1,2";
			};
			name = Debug;
		};
		49A7865D192AF2BD00BBD07A /* Release */ = {
			isa = XCBuildConfiguration;
			buildSettings = {
				ALWAYS_SEARCH_USER_PATHS = NO;
				CLANG_CXX_LANGUAGE_STANDARD = "gnu++0x";
				CLANG_CXX_LIBRARY = "libc++";
				CLANG_ENABLE_MODULES = YES;
				CLANG_ENABLE_OBJC_ARC = YES;
				CLANG_WARN_BOOL_CONVERSION = YES;
				CLANG_WARN_CONSTANT_CONVERSION = YES;
				CLANG_WARN_DIRECT_OBJC_ISA_USAGE = YES_ERROR;
				CLANG_WARN_EMPTY_BODY = YES;
				CLANG_WARN_ENUM_CONVERSION = YES;
				CLANG_WARN_INT_CONVERSION = YES;
				CLANG_WARN_OBJC_ROOT_CLASS = YES_ERROR;
				CLANG_WARN__DUPLICATE_METHOD_MATCH = YES;
				"CODE_SIGN_IDENTITY[sdk=iphoneos*]" = "iPhone Developer";
				COPY_PHASE_STRIP = YES;
				ENABLE_NS_ASSERTIONS = NO;
				GCC_C_LANGUAGE_STANDARD = gnu99;
				GCC_WARN_64_TO_32_BIT_CONVERSION = YES;
				GCC_WARN_ABOUT_RETURN_TYPE = YES_ERROR;
				GCC_WARN_UNDECLARED_SELECTOR = YES;
				GCC_WARN_UNINITIALIZED_AUTOS = YES_AGGRESSIVE;
				GCC_WARN_UNUSED_FUNCTION = YES;
				GCC_WARN_UNUSED_VARIABLE = YES;
				IPHONEOS_DEPLOYMENT_TARGET = 7.1;
				SDKROOT = iphoneos;
				TARGETED_DEVICE_FAMILY = "1,2";
				VALIDATE_PRODUCT = YES;
			};
			name = Release;
		};
		49A7865F192AF2BD00BBD07A /* Debug */ = {
			isa = XCBuildConfiguration;
			buildSettings = {
				ASSETCATALOG_COMPILER_APPICON_NAME = AppIcon;
				ASSETCATALOG_COMPILER_LAUNCHIMAGE_NAME = LaunchImage;
				GCC_PRECOMPILE_PREFIX_HEADER = YES;
				GCC_PREFIX_HEADER = "MingPaoApp/MingPaoApp-Prefix.pch";
				INFOPLIST_FILE = "MingPaoApp/MingPaoApp-Info.plist";
				PRODUCT_NAME = "$(TARGET_NAME)";
				WRAPPER_EXTENSION = app;
			};
			name = Debug;
		};
		49A78660192AF2BD00BBD07A /* Release */ = {
			isa = XCBuildConfiguration;
			buildSettings = {
				ASSETCATALOG_COMPILER_APPICON_NAME = AppIcon;
				ASSETCATALOG_COMPILER_LAUNCHIMAGE_NAME = LaunchImage;
				GCC_PRECOMPILE_PREFIX_HEADER = YES;
				GCC_PREFIX_HEADER = "MingPaoApp/MingPaoApp-Prefix.pch";
				INFOPLIST_FILE = "MingPaoApp/MingPaoApp-Info.plist";
				PRODUCT_NAME = "$(TARGET_NAME)";
				WRAPPER_EXTENSION = app;
			};
			name = Release;
		};
		49A78662192AF2BD00BBD07A /* Debug */ = {
			isa = XCBuildConfiguration;
			buildSettings = {
				BUNDLE_LOADER = "$(BUILT_PRODUCTS_DIR)/MingPaoApp.app/MingPaoApp";
				FRAMEWORK_SEARCH_PATHS = (
					"$(SDKROOT)/Developer/Library/Frameworks",
					"$(inherited)",
					"$(DEVELOPER_FRAMEWORKS_DIR)",
				);
				GCC_PRECOMPILE_PREFIX_HEADER = YES;
				GCC_PREFIX_HEADER = "MingPaoApp/MingPaoApp-Prefix.pch";
				GCC_PREPROCESSOR_DEFINITIONS = (
					"DEBUG=1",
					"$(inherited)",
				);
				INFOPLIST_FILE = "MingPaoAppTests/MingPaoAppTests-Info.plist";
				PRODUCT_NAME = "$(TARGET_NAME)";
				TEST_HOST = "$(BUNDLE_LOADER)";
				WRAPPER_EXTENSION = xctest;
			};
			name = Debug;
		};
		49A78663192AF2BD00BBD07A /* Release */ = {
			isa = XCBuildConfiguration;
			buildSettings = {
				BUNDLE_LOADER = "$(BUILT_PRODUCTS_DIR)/MingPaoApp.app/MingPaoApp";
				FRAMEWORK_SEARCH_PATHS = (
					"$(SDKROOT)/Developer/Library/Frameworks",
					"$(inherited)",
					"$(DEVELOPER_FRAMEWORKS_DIR)",
				);
				GCC_PRECOMPILE_PREFIX_HEADER = YES;
				GCC_PREFIX_HEADER = "MingPaoApp/MingPaoApp-Prefix.pch";
				INFOPLIST_FILE = "MingPaoAppTests/MingPaoAppTests-Info.plist";
				PRODUCT_NAME = "$(TARGET_NAME)";
				TEST_HOST = "$(BUNDLE_LOADER)";
				WRAPPER_EXTENSION = xctest;
			};
			name = Release;
		};
/* End XCBuildConfiguration section */

/* Begin XCConfigurationList section */
		49A78624192AF2BD00BBD07A /* Build configuration list for PBXProject "MingPaoApp" */ = {
			isa = XCConfigurationList;
			buildConfigurations = (
				49A7865C192AF2BD00BBD07A /* Debug */,
				49A7865D192AF2BD00BBD07A /* Release */,
			);
			defaultConfigurationIsVisible = 0;
			defaultConfigurationName = Release;
		};
		49A7865E192AF2BD00BBD07A /* Build configuration list for PBXNativeTarget "MingPaoApp" */ = {
			isa = XCConfigurationList;
			buildConfigurations = (
				49A7865F192AF2BD00BBD07A /* Debug */,
				49A78660192AF2BD00BBD07A /* Release */,
			);
			defaultConfigurationIsVisible = 0;
		};
		49A78661192AF2BD00BBD07A /* Build configuration list for PBXNativeTarget "MingPaoAppTests" */ = {
			isa = XCConfigurationList;
			buildConfigurations = (
				49A78662192AF2BD00BBD07A /* Debug */,
				49A78663192AF2BD00BBD07A /* Release */,
			);
			defaultConfigurationIsVisible = 0;
		};
/* End XCConfigurationList section */
	};
	rootObject = 49A78621192AF2BD00BBD07A /* Project object */;
}
